
Microsoft Visual Studio Solution File, Format Version 12.00
Project("{FAE04EC0-301F-11D3-BF4B-00C04F79EFBC}") = "oop-sample", "oop-sample\oop-sample.csproj", "{5C13F609-2B32-4BC9-8B89-0C8E1A5CB39A}"
EndProject
Global
	GlobalSection(SolutionConfigurationPlatforms) = preSolution
		Debug|Any CPU = Debug|Any CPU
		Release|Any CPU = Release|Any CPU
	EndGlobalSection
	GlobalSection(ProjectConfigurationPlatforms) = postSolution
		{5C13F609-2B32-4BC9-8B89-0C8E1A5CB39A}.Debug|Any CPU.ActiveCfg = Debug|Any CPU
		{5C13F609-2B32-4BC9-8B89-0C8E1A5CB39A}.Debug|Any CPU.Build.0 = Debug|Any CPU
		{5C13F609-2B32-4BC9-8B89-0C8E1A5CB39A}.Release|Any CPU.ActiveCfg = Release|Any CPU
		{5C13F609-2B32-4BC9-8B89-0C8E1A5CB39A}.Release|Any CPU.Build.0 = Release|Any CPU
	EndGlobalSection
EndGlobal
